
Microsoft Visual Studio Solution File, Format Version 12.00
# Visual Studio Version 17
VisualStudioVersion = 17.6.33815.320
MinimumVisualStudioVersion = 10.0.40219.1
Project("{FAE04EC0-301F-11D3-BF4B-00C04F79EFBC}") = "CodeFirst", "CodeFirst.csproj", "{4C6F3AD3-E868-4676-B6E6-999370B6B535}"
EndProject
Global
	GlobalSection(SolutionConfigurationPlatforms) = preSolution
		Debug|Any CPU = Debug|Any CPU
		Release|Any CPU = Release|Any CPU
	EndGlobalSection
	GlobalSection(ProjectConfigurationPlatforms) = postSolution
		{4C6F3AD3-E868-4676-B6E6-999370B6B535}.Debug|Any CPU.ActiveCfg = Debug|Any CPU
		{4C6F3AD3-E868-4676-B6E6-999370B6B535}.Debug|Any CPU.Build.0 = Debug|Any CPU
		{4C6F3AD3-E868-4676-B6E6-999370B6B535}.Release|Any CPU.ActiveCfg = Release|Any CPU
		{4C6F3AD3-E868-4676-B6E6-999370B6B535}.Release|Any CPU.Build.0 = Release|Any CPU
	EndGlobalSection
	GlobalSection(SolutionProperties) = preSolution
		HideSolutionNode = FALSE
	EndGlobalSection
	GlobalSection(ExtensibilityGlobals) = postSolution
		SolutionGuid = {CD664D57-934C-4927-81AE-3E388A96038C}
	EndGlobalSection
EndGlobal
