
Microsoft Visual Studio Solution File, Format Version 12.00
# Visual Studio Version 17
VisualStudioVersion = 17.6.33815.320
MinimumVisualStudioVersion = 10.0.40219.1
Project("{FAE04EC0-301F-11D3-BF4B-00C04F79EFBC}") = "DataAnnotations", "DataAnnotations.csproj", "{12F58E1B-B69C-4742-AD08-8EA48A73E5FC}"
EndProject
Global
	GlobalSection(SolutionConfigurationPlatforms) = preSolution
		Debug|Any CPU = Debug|Any CPU
		Release|Any CPU = Release|Any CPU
	EndGlobalSection
	GlobalSection(ProjectConfigurationPlatforms) = postSolution
		{12F58E1B-B69C-4742-AD08-8EA48A73E5FC}.Debug|Any CPU.ActiveCfg = Debug|Any CPU
		{12F58E1B-B69C-4742-AD08-8EA48A73E5FC}.Debug|Any CPU.Build.0 = Debug|Any CPU
		{12F58E1B-B69C-4742-AD08-8EA48A73E5FC}.Release|Any CPU.ActiveCfg = Release|Any CPU
		{12F58E1B-B69C-4742-AD08-8EA48A73E5FC}.Release|Any CPU.Build.0 = Release|Any CPU
	EndGlobalSection
	GlobalSection(SolutionProperties) = preSolution
		HideSolutionNode = FALSE
	EndGlobalSection
	GlobalSection(ExtensibilityGlobals) = postSolution
		SolutionGuid = {D79E232B-846D-4A20-BD4B-624303000FA8}
	EndGlobalSection
EndGlobal
