
Microsoft Visual Studio Solution File, Format Version 12.00
# Visual Studio Version 17
VisualStudioVersion = 17.6.33815.320
MinimumVisualStudioVersion = 10.0.40219.1
Project("{FAE04EC0-301F-11D3-BF4B-00C04F79EFBC}") = "CalenderControlForm", "CalenderControlForm.csproj", "{1C8C6EF4-162C-406A-B4A4-7B1CC13585CA}"
EndProject
Global
	GlobalSection(SolutionConfigurationPlatforms) = preSolution
		Debug|Any CPU = Debug|Any CPU
		Release|Any CPU = Release|Any CPU
	EndGlobalSection
	GlobalSection(ProjectConfigurationPlatforms) = postSolution
		{1C8C6EF4-162C-406A-B4A4-7B1CC13585CA}.Debug|Any CPU.ActiveCfg = Debug|Any CPU
		{1C8C6EF4-162C-406A-B4A4-7B1CC13585CA}.Debug|Any CPU.Build.0 = Debug|Any CPU
		{1C8C6EF4-162C-406A-B4A4-7B1CC13585CA}.Release|Any CPU.ActiveCfg = Release|Any CPU
		{1C8C6EF4-162C-406A-B4A4-7B1CC13585CA}.Release|Any CPU.Build.0 = Release|Any CPU
	EndGlobalSection
	GlobalSection(SolutionProperties) = preSolution
		HideSolutionNode = FALSE
	EndGlobalSection
	GlobalSection(ExtensibilityGlobals) = postSolution
		SolutionGuid = {573BBDB4-81CC-4483-89FD-B9BD573E2AD2}
	EndGlobalSection
EndGlobal
